
Microsoft Visual Studio Solution File, Format Version 12.00
Project("{FAE04EC0-301F-11D3-BF4B-00C04F79EFBC}") = "2025.01", "2025.01\2025.01.csproj", "{08134CEB-8705-42C0-B6A4-CE789DD80DB0}"
EndProject
Project("{FAE04EC0-301F-11D3-BF4B-00C04F79EFBC}") = "2025.02", "2025.02\2025.02.csproj", "{5309A0E9-7AFF-457D-994C-FA8C9A71C455}"
EndProject
Project("{FAE04EC0-301F-11D3-BF4B-00C04F79EFBC}") = "2025.03", "2025.03\2025.03.csproj", "{623B3C46-5DFB-4850-B33F-4740D6CD6A83}"
EndProject
Project("{FAE04EC0-301F-11D3-BF4B-00C04F79EFBC}") = "helpers", "helpers\helpers.csproj", "{2F478D4E-4CE5-4FFE-AE2C-D827A3421E2A}"
EndProject
Project("{FAE04EC0-301F-11D3-BF4B-00C04F79EFBC}") = "2025.04", "2025.04\2025.04.csproj", "{8534EFDF-CD40-4296-A1B3-558182D232C1}"
EndProject
Project("{FAE04EC0-301F-11D3-BF4B-00C04F79EFBC}") = "2025.05", "2025.05\2025.05.csproj", "{C41B503B-76F1-448A-88E3-062AADB6301D}"
EndProject
Project("{FAE04EC0-301F-11D3-BF4B-00C04F79EFBC}") = "2025.06", "2025.06\2025.06.csproj", "{A10B2F4B-A9A6-4ADA-AA16-9BFE274AE45B}"
EndProject
Global
	GlobalSection(SolutionConfigurationPlatforms) = preSolution
		Debug|Any CPU = Debug|Any CPU
		Release|Any CPU = Release|Any CPU
	EndGlobalSection
	GlobalSection(ProjectConfigurationPlatforms) = postSolution
		{08134CEB-8705-42C0-B6A4-CE789DD80DB0}.Debug|Any CPU.ActiveCfg = Debug|Any CPU
		{08134CEB-8705-42C0-B6A4-CE789DD80DB0}.Debug|Any CPU.Build.0 = Debug|Any CPU
		{08134CEB-8705-42C0-B6A4-CE789DD80DB0}.Release|Any CPU.ActiveCfg = Release|Any CPU
		{08134CEB-8705-42C0-B6A4-CE789DD80DB0}.Release|Any CPU.Build.0 = Release|Any CPU
		{2F478D4E-4CE5-4FFE-AE2C-D827A3421E2A}.Debug|Any CPU.ActiveCfg = Debug|Any CPU
		{2F478D4E-4CE5-4FFE-AE2C-D827A3421E2A}.Debug|Any CPU.Build.0 = Debug|Any CPU
		{2F478D4E-4CE5-4FFE-AE2C-D827A3421E2A}.Release|Any CPU.ActiveCfg = Release|Any CPU
		{2F478D4E-4CE5-4FFE-AE2C-D827A3421E2A}.Release|Any CPU.Build.0 = Release|Any CPU
		{5309A0E9-7AFF-457D-994C-FA8C9A71C455}.Debug|Any CPU.ActiveCfg = Debug|Any CPU
		{5309A0E9-7AFF-457D-994C-FA8C9A71C455}.Debug|Any CPU.Build.0 = Debug|Any CPU
		{5309A0E9-7AFF-457D-994C-FA8C9A71C455}.Release|Any CPU.ActiveCfg = Release|Any CPU
		{5309A0E9-7AFF-457D-994C-FA8C9A71C455}.Release|Any CPU.Build.0 = Release|Any CPU
		{623B3C46-5DFB-4850-B33F-4740D6CD6A83}.Debug|Any CPU.ActiveCfg = Debug|Any CPU
		{623B3C46-5DFB-4850-B33F-4740D6CD6A83}.Debug|Any CPU.Build.0 = Debug|Any CPU
		{623B3C46-5DFB-4850-B33F-4740D6CD6A83}.Release|Any CPU.ActiveCfg = Release|Any CPU
		{623B3C46-5DFB-4850-B33F-4740D6CD6A83}.Release|Any CPU.Build.0 = Release|Any CPU
		{8534EFDF-CD40-4296-A1B3-558182D232C1}.Debug|Any CPU.ActiveCfg = Debug|Any CPU
		{8534EFDF-CD40-4296-A1B3-558182D232C1}.Debug|Any CPU.Build.0 = Debug|Any CPU
		{8534EFDF-CD40-4296-A1B3-558182D232C1}.Release|Any CPU.ActiveCfg = Release|Any CPU
		{8534EFDF-CD40-4296-A1B3-558182D232C1}.Release|Any CPU.Build.0 = Release|Any CPU
		{C41B503B-76F1-448A-88E3-062AADB6301D}.Debug|Any CPU.ActiveCfg = Debug|Any CPU
		{C41B503B-76F1-448A-88E3-062AADB6301D}.Debug|Any CPU.Build.0 = Debug|Any CPU
		{C41B503B-76F1-448A-88E3-062AADB6301D}.Release|Any CPU.ActiveCfg = Release|Any CPU
		{C41B503B-76F1-448A-88E3-062AADB6301D}.Release|Any CPU.Build.0 = Release|Any CPU
		{A10B2F4B-A9A6-4ADA-AA16-9BFE274AE45B}.Debug|Any CPU.ActiveCfg = Debug|Any CPU
		{A10B2F4B-A9A6-4ADA-AA16-9BFE274AE45B}.Debug|Any CPU.Build.0 = Debug|Any CPU
		{A10B2F4B-A9A6-4ADA-AA16-9BFE274AE45B}.Release|Any CPU.ActiveCfg = Release|Any CPU
		{A10B2F4B-A9A6-4ADA-AA16-9BFE274AE45B}.Release|Any CPU.Build.0 = Release|Any CPU
	EndGlobalSection
EndGlobal
