
Microsoft Visual Studio Solution File, Format Version 12.00
# Visual Studio Version 17
VisualStudioVersion = 17.4.33110.190
MinimumVisualStudioVersion = 10.0.40219.1
Project("{FAE04EC0-301F-11D3-BF4B-00C04F79EFBC}") = "main", "main.csproj", "{F15934C1-E6A4-4C14-A668-4995D04EABDE}"
EndProject
Global
	GlobalSection(SolutionConfigurationPlatforms) = preSolution
		Debug|Any CPU = Debug|Any CPU
		Release|Any CPU = Release|Any CPU
	EndGlobalSection
	GlobalSection(ProjectConfigurationPlatforms) = postSolution
		{F15934C1-E6A4-4C14-A668-4995D04EABDE}.Debug|Any CPU.ActiveCfg = Debug|Any CPU
		{F15934C1-E6A4-4C14-A668-4995D04EABDE}.Debug|Any CPU.Build.0 = Debug|Any CPU
		{F15934C1-E6A4-4C14-A668-4995D04EABDE}.Release|Any CPU.ActiveCfg = Release|Any CPU
		{F15934C1-E6A4-4C14-A668-4995D04EABDE}.Release|Any CPU.Build.0 = Release|Any CPU
	EndGlobalSection
	GlobalSection(SolutionProperties) = preSolution
		HideSolutionNode = FALSE
	EndGlobalSection
	GlobalSection(ExtensibilityGlobals) = postSolution
		SolutionGuid = {C0166598-B261-43E3-A8B2-5332EDCDA035}
	EndGlobalSection
EndGlobal
